
Microsoft Visual Studio Solution File, Format Version 12.00
# Visual Studio Version 17
VisualStudioVersion = 17.3.32922.545
MinimumVisualStudioVersion = 10.0.40219.1
Project("{2150E333-8FDC-42A3-9474-1A3956D46DE8}") = "Services", "Services", "{2B7CC578-089E-4055-90C6-A2F69BF8A85D}"
EndProject
Project("{2150E333-8FDC-42A3-9474-1A3956D46DE8}") = "Catalog", "Catalog", "{7CEE24E3-3642-4EB8-8BEF-4402CBF4F3DA}"
EndProject
Project("{9A19103F-16F7-4668-BE54-9A1E7A4F7556}") = "FreeCourse.Services.Catalog", "Services\Catalog\FreeCourse.Services.Catalog\FreeCourse.Services.Catalog.csproj", "{CF816733-7BF6-4E9F-9F41-FD7E06D3C610}"
EndProject
Project("{2150E333-8FDC-42A3-9474-1A3956D46DE8}") = "Solution Items", "Solution Items", "{6DCD031E-A052-44FD-8F43-9BD277DCAC95}"
	ProjectSection(SolutionItems) = preProject
		Ports.txt = Ports.txt
	EndProjectSection
EndProject
Project("{2150E333-8FDC-42A3-9474-1A3956D46DE8}") = "Shared", "Shared", "{B91DFCF9-233C-4A6E-A364-A9CD7474D1D9}"
EndProject
Project("{9A19103F-16F7-4668-BE54-9A1E7A4F7556}") = "FreeCourse.Shared", "Shared\FreeCourse.Shared\FreeCourse.Shared.csproj", "{705CC93B-9114-4BE7-9D60-70FCB20137A7}"
EndProject
Project("{2150E333-8FDC-42A3-9474-1A3956D46DE8}") = "IdentityServer", "IdentityServer", "{2DE1D885-E7FC-456A-9279-9AADC39E1E80}"
EndProject
Project("{9A19103F-16F7-4668-BE54-9A1E7A4F7556}") = "FreeCourse.IdentityServer", "IdentityServer\FreeCourse.IdentityServer\FreeCourse.IdentityServer.csproj", "{9F87A4D7-4FC2-45D0-A5FE-A75B912AD620}"
EndProject
Project("{2150E333-8FDC-42A3-9474-1A3956D46DE8}") = "PhotoStock", "PhotoStock", "{0B03DD63-8808-4940-ACE9-228BBC991DA6}"
EndProject
Project("{9A19103F-16F7-4668-BE54-9A1E7A4F7556}") = "FreeCourse.Services.PhotoStock", "Services\PhotoStock\FreeCourse.Services.PhotoStock\FreeCourse.Services.PhotoStock.csproj", "{55AB408B-5898-4B08-B1CF-D22823DB8AEA}"
EndProject
Project("{2150E333-8FDC-42A3-9474-1A3956D46DE8}") = "Basket", "Basket", "{AD488BE8-61C6-4F88-86A6-84AA1CE07AA0}"
EndProject
Project("{9A19103F-16F7-4668-BE54-9A1E7A4F7556}") = "FreeCourse.Services.Basket", "Services\Basket\FreeCourse.Services.Basket\FreeCourse.Services.Basket.csproj", "{68CC47BA-F490-4293-A85E-D694B5DC0372}"
EndProject
Project("{2150E333-8FDC-42A3-9474-1A3956D46DE8}") = "Discount", "Discount", "{E77EEF18-6277-42B5-BEED-09FE28B41244}"
EndProject
Project("{9A19103F-16F7-4668-BE54-9A1E7A4F7556}") = "FreeCourse.Services.Discount", "Services\Discount\FreeCourse.Services.Discount\FreeCourse.Services.Discount.csproj", "{439856EC-C4DE-46E3-B27E-6AE69C6583FC}"
EndProject
Project("{2150E333-8FDC-42A3-9474-1A3956D46DE8}") = "Order", "Order", "{4BFDDE52-80AC-4ADF-8203-1EAC3B637DC4}"
EndProject
Project("{9A19103F-16F7-4668-BE54-9A1E7A4F7556}") = "FreeCourse.Services.Order.API", "Services\Order\FreeCourse.Services.Order.API\FreeCourse.Services.Order.API.csproj", "{DD06151F-EDCC-4462-B9AE-67F1C295A45B}"
EndProject
Project("{9A19103F-16F7-4668-BE54-9A1E7A4F7556}") = "FreeCourse.Services.Order.Application", "Services\Order\FreeCourse.Services.Order.Application\FreeCourse.Services.Order.Application.csproj", "{42081D37-B0E9-4680-A42C-A7D2E9FAE7C7}"
EndProject
Project("{9A19103F-16F7-4668-BE54-9A1E7A4F7556}") = "FreeCourse.Services.Order.Domain", "Services\Order\FreeCourse.Services.Order.Domain\FreeCourse.Services.Order.Domain.csproj", "{AF5047E1-994C-4EBB-AB42-6786CB630C4B}"
EndProject
Project("{9A19103F-16F7-4668-BE54-9A1E7A4F7556}") = "FreeCourse.Services.Order.Domain.Core", "Services\Order\FreeCourse.Services.Order.Domain.Core\FreeCourse.Services.Order.Domain.Core.csproj", "{B61A041E-531D-4EC5-9F52-A8E3C13E64BE}"
EndProject
Project("{9A19103F-16F7-4668-BE54-9A1E7A4F7556}") = "FreeCourse.Services.Order.Infrastructure", "Services\Order\FreeCourse.Services.Order.Infrastructure\FreeCourse.Services.Order.Infrastructure.csproj", "{736C8AED-7FA7-4C39-8511-D18667F98F96}"
EndProject
Project("{2150E333-8FDC-42A3-9474-1A3956D46DE8}") = "FakePayment", "FakePayment", "{81392A5A-3738-4912-A1BE-6254F7015362}"
EndProject
Project("{9A19103F-16F7-4668-BE54-9A1E7A4F7556}") = "FreeCourse.Services.FakePayment", "Services\FakePayment\FreeCourse.Services.FakePayment\FreeCourse.Services.FakePayment.csproj", "{9AB249E2-E77B-447C-A0C2-97A316D52F42}"
EndProject
Project("{2150E333-8FDC-42A3-9474-1A3956D46DE8}") = "Gateways", "Gateways", "{A19EA68A-1CD8-424C-81A8-E04ECDE461E7}"
EndProject
Project("{9A19103F-16F7-4668-BE54-9A1E7A4F7556}") = "FreeCourse.Gateway", "FreeCourse.Gateway\FreeCourse.Gateway.csproj", "{9FD43F1F-6C35-49D9-9BB1-70C2F29B4539}"
EndProject
Project("{2150E333-8FDC-42A3-9474-1A3956D46DE8}") = "Frontends", "Frontends", "{3CB01793-C67F-418D-8D9A-B8D7DEC80A65}"
EndProject
Project("{FAE04EC0-301F-11D3-BF4B-00C04F79EFBC}") = "FreeCourse.Web", "Frontends\FreeCourse.Web\FreeCourse.Web.csproj", "{82A327E3-69BA-4FD2-A8F3-B9109B94ACE3}"
EndProject
Global
	GlobalSection(SolutionConfigurationPlatforms) = preSolution
		Debug|Any CPU = Debug|Any CPU
		Release|Any CPU = Release|Any CPU
	EndGlobalSection
	GlobalSection(ProjectConfigurationPlatforms) = postSolution
		{CF816733-7BF6-4E9F-9F41-FD7E06D3C610}.Debug|Any CPU.ActiveCfg = Debug|Any CPU
		{CF816733-7BF6-4E9F-9F41-FD7E06D3C610}.Debug|Any CPU.Build.0 = Debug|Any CPU
		{CF816733-7BF6-4E9F-9F41-FD7E06D3C610}.Release|Any CPU.ActiveCfg = Release|Any CPU
		{CF816733-7BF6-4E9F-9F41-FD7E06D3C610}.Release|Any CPU.Build.0 = Release|Any CPU
		{705CC93B-9114-4BE7-9D60-70FCB20137A7}.Debug|Any CPU.ActiveCfg = Debug|Any CPU
		{705CC93B-9114-4BE7-9D60-70FCB20137A7}.Debug|Any CPU.Build.0 = Debug|Any CPU
		{705CC93B-9114-4BE7-9D60-70FCB20137A7}.Release|Any CPU.ActiveCfg = Release|Any CPU
		{705CC93B-9114-4BE7-9D60-70FCB20137A7}.Release|Any CPU.Build.0 = Release|Any CPU
		{9F87A4D7-4FC2-45D0-A5FE-A75B912AD620}.Debug|Any CPU.ActiveCfg = Debug|Any CPU
		{9F87A4D7-4FC2-45D0-A5FE-A75B912AD620}.Debug|Any CPU.Build.0 = Debug|Any CPU
		{9F87A4D7-4FC2-45D0-A5FE-A75B912AD620}.Release|Any CPU.ActiveCfg = Release|Any CPU
		{9F87A4D7-4FC2-45D0-A5FE-A75B912AD620}.Release|Any CPU.Build.0 = Release|Any CPU
		{55AB408B-5898-4B08-B1CF-D22823DB8AEA}.Debug|Any CPU.ActiveCfg = Debug|Any CPU
		{55AB408B-5898-4B08-B1CF-D22823DB8AEA}.Debug|Any CPU.Build.0 = Debug|Any CPU
		{55AB408B-5898-4B08-B1CF-D22823DB8AEA}.Release|Any CPU.ActiveCfg = Release|Any CPU
		{55AB408B-5898-4B08-B1CF-D22823DB8AEA}.Release|Any CPU.Build.0 = Release|Any CPU
		{68CC47BA-F490-4293-A85E-D694B5DC0372}.Debug|Any CPU.ActiveCfg = Debug|Any CPU
		{68CC47BA-F490-4293-A85E-D694B5DC0372}.Debug|Any CPU.Build.0 = Debug|Any CPU
		{68CC47BA-F490-4293-A85E-D694B5DC0372}.Release|Any CPU.ActiveCfg = Release|Any CPU
		{68CC47BA-F490-4293-A85E-D694B5DC0372}.Release|Any CPU.Build.0 = Release|Any CPU
		{439856EC-C4DE-46E3-B27E-6AE69C6583FC}.Debug|Any CPU.ActiveCfg = Debug|Any CPU
		{439856EC-C4DE-46E3-B27E-6AE69C6583FC}.Debug|Any CPU.Build.0 = Debug|Any CPU
		{439856EC-C4DE-46E3-B27E-6AE69C6583FC}.Release|Any CPU.ActiveCfg = Release|Any CPU
		{439856EC-C4DE-46E3-B27E-6AE69C6583FC}.Release|Any CPU.Build.0 = Release|Any CPU
		{DD06151F-EDCC-4462-B9AE-67F1C295A45B}.Debug|Any CPU.ActiveCfg = Debug|Any CPU
		{DD06151F-EDCC-4462-B9AE-67F1C295A45B}.Debug|Any CPU.Build.0 = Debug|Any CPU
		{DD06151F-EDCC-4462-B9AE-67F1C295A45B}.Release|Any CPU.ActiveCfg = Release|Any CPU
		{DD06151F-EDCC-4462-B9AE-67F1C295A45B}.Release|Any CPU.Build.0 = Release|Any CPU
		{42081D37-B0E9-4680-A42C-A7D2E9FAE7C7}.Debug|Any CPU.ActiveCfg = Debug|Any CPU
		{42081D37-B0E9-4680-A42C-A7D2E9FAE7C7}.Debug|Any CPU.Build.0 = Debug|Any CPU
		{42081D37-B0E9-4680-A42C-A7D2E9FAE7C7}.Release|Any CPU.ActiveCfg = Release|Any CPU
		{42081D37-B0E9-4680-A42C-A7D2E9FAE7C7}.Release|Any CPU.Build.0 = Release|Any CPU
		{AF5047E1-994C-4EBB-AB42-6786CB630C4B}.Debug|Any CPU.ActiveCfg = Debug|Any CPU
		{AF5047E1-994C-4EBB-AB42-6786CB630C4B}.Debug|Any CPU.Build.0 = Debug|Any CPU
		{AF5047E1-994C-4EBB-AB42-6786CB630C4B}.Release|Any CPU.ActiveCfg = Release|Any CPU
		{AF5047E1-994C-4EBB-AB42-6786CB630C4B}.Release|Any CPU.Build.0 = Release|Any CPU
		{B61A041E-531D-4EC5-9F52-A8E3C13E64BE}.Debug|Any CPU.ActiveCfg = Debug|Any CPU
		{B61A041E-531D-4EC5-9F52-A8E3C13E64BE}.Debug|Any CPU.Build.0 = Debug|Any CPU
		{B61A041E-531D-4EC5-9F52-A8E3C13E64BE}.Release|Any CPU.ActiveCfg = Release|Any CPU
		{B61A041E-531D-4EC5-9F52-A8E3C13E64BE}.Release|Any CPU.Build.0 = Release|Any CPU
		{736C8AED-7FA7-4C39-8511-D18667F98F96}.Debug|Any CPU.ActiveCfg = Debug|Any CPU
		{736C8AED-7FA7-4C39-8511-D18667F98F96}.Debug|Any CPU.Build.0 = Debug|Any CPU
		{736C8AED-7FA7-4C39-8511-D18667F98F96}.Release|Any CPU.ActiveCfg = Release|Any CPU
		{736C8AED-7FA7-4C39-8511-D18667F98F96}.Release|Any CPU.Build.0 = Release|Any CPU
		{9AB249E2-E77B-447C-A0C2-97A316D52F42}.Debug|Any CPU.ActiveCfg = Debug|Any CPU
		{9AB249E2-E77B-447C-A0C2-97A316D52F42}.Debug|Any CPU.Build.0 = Debug|Any CPU
		{9AB249E2-E77B-447C-A0C2-97A316D52F42}.Release|Any CPU.ActiveCfg = Release|Any CPU
		{9AB249E2-E77B-447C-A0C2-97A316D52F42}.Release|Any CPU.Build.0 = Release|Any CPU
		{9FD43F1F-6C35-49D9-9BB1-70C2F29B4539}.Debug|Any CPU.ActiveCfg = Debug|Any CPU
		{9FD43F1F-6C35-49D9-9BB1-70C2F29B4539}.Debug|Any CPU.Build.0 = Debug|Any CPU
		{9FD43F1F-6C35-49D9-9BB1-70C2F29B4539}.Release|Any CPU.ActiveCfg = Release|Any CPU
		{9FD43F1F-6C35-49D9-9BB1-70C2F29B4539}.Release|Any CPU.Build.0 = Release|Any CPU
		{82A327E3-69BA-4FD2-A8F3-B9109B94ACE3}.Debug|Any CPU.ActiveCfg = Debug|Any CPU
		{82A327E3-69BA-4FD2-A8F3-B9109B94ACE3}.Debug|Any CPU.Build.0 = Debug|Any CPU
		{82A327E3-69BA-4FD2-A8F3-B9109B94ACE3}.Release|Any CPU.ActiveCfg = Release|Any CPU
		{82A327E3-69BA-4FD2-A8F3-B9109B94ACE3}.Release|Any CPU.Build.0 = Release|Any CPU
	EndGlobalSection
	GlobalSection(SolutionProperties) = preSolution
		HideSolutionNode = FALSE
	EndGlobalSection
	GlobalSection(NestedProjects) = preSolution
		{7CEE24E3-3642-4EB8-8BEF-4402CBF4F3DA} = {2B7CC578-089E-4055-90C6-A2F69BF8A85D}
		{CF816733-7BF6-4E9F-9F41-FD7E06D3C610} = {7CEE24E3-3642-4EB8-8BEF-4402CBF4F3DA}
		{705CC93B-9114-4BE7-9D60-70FCB20137A7} = {B91DFCF9-233C-4A6E-A364-A9CD7474D1D9}
		{9F87A4D7-4FC2-45D0-A5FE-A75B912AD620} = {2DE1D885-E7FC-456A-9279-9AADC39E1E80}
		{0B03DD63-8808-4940-ACE9-228BBC991DA6} = {2B7CC578-089E-4055-90C6-A2F69BF8A85D}
		{55AB408B-5898-4B08-B1CF-D22823DB8AEA} = {0B03DD63-8808-4940-ACE9-228BBC991DA6}
		{AD488BE8-61C6-4F88-86A6-84AA1CE07AA0} = {2B7CC578-089E-4055-90C6-A2F69BF8A85D}
		{68CC47BA-F490-4293-A85E-D694B5DC0372} = {AD488BE8-61C6-4F88-86A6-84AA1CE07AA0}
		{E77EEF18-6277-42B5-BEED-09FE28B41244} = {2B7CC578-089E-4055-90C6-A2F69BF8A85D}
		{439856EC-C4DE-46E3-B27E-6AE69C6583FC} = {E77EEF18-6277-42B5-BEED-09FE28B41244}
		{4BFDDE52-80AC-4ADF-8203-1EAC3B637DC4} = {2B7CC578-089E-4055-90C6-A2F69BF8A85D}
		{DD06151F-EDCC-4462-B9AE-67F1C295A45B} = {4BFDDE52-80AC-4ADF-8203-1EAC3B637DC4}
		{42081D37-B0E9-4680-A42C-A7D2E9FAE7C7} = {4BFDDE52-80AC-4ADF-8203-1EAC3B637DC4}
		{AF5047E1-994C-4EBB-AB42-6786CB630C4B} = {4BFDDE52-80AC-4ADF-8203-1EAC3B637DC4}
		{B61A041E-531D-4EC5-9F52-A8E3C13E64BE} = {4BFDDE52-80AC-4ADF-8203-1EAC3B637DC4}
		{736C8AED-7FA7-4C39-8511-D18667F98F96} = {4BFDDE52-80AC-4ADF-8203-1EAC3B637DC4}
		{81392A5A-3738-4912-A1BE-6254F7015362} = {2B7CC578-089E-4055-90C6-A2F69BF8A85D}
		{9AB249E2-E77B-447C-A0C2-97A316D52F42} = {81392A5A-3738-4912-A1BE-6254F7015362}
		{9FD43F1F-6C35-49D9-9BB1-70C2F29B4539} = {A19EA68A-1CD8-424C-81A8-E04ECDE461E7}
		{82A327E3-69BA-4FD2-A8F3-B9109B94ACE3} = {3CB01793-C67F-418D-8D9A-B8D7DEC80A65}
	EndGlobalSection
	GlobalSection(ExtensibilityGlobals) = postSolution
		SolutionGuid = {85E98635-04BD-439F-8BC3-F6459D3EFCEC}
	EndGlobalSection
EndGlobal
